
Microsoft Visual Studio Solution File, Format Version 12.00
# Visual Studio Version 16
VisualStudioVersion = 16.0.28803.352
MinimumVisualStudioVersion = 10.0.40219.1
Project("{9A19103F-16F7-4668-BE54-9A1E7A4F7556}") = "jsonplaceholderTests", "jsonplaceholderTests\jsonplaceholderTests.csproj", "{27BEEB80-5D85-499A-A655-14D080AD9A88}"
EndProject
Global
	GlobalSection(SolutionConfigurationPlatforms) = preSolution
		Debug|Any CPU = Debug|Any CPU
		Release|Any CPU = Release|Any CPU
	EndGlobalSection
	GlobalSection(ProjectConfigurationPlatforms) = postSolution
		{27BEEB80-5D85-499A-A655-14D080AD9A88}.Debug|Any CPU.ActiveCfg = Debug|Any CPU
		{27BEEB80-5D85-499A-A655-14D080AD9A88}.Debug|Any CPU.Build.0 = Debug|Any CPU
		{27BEEB80-5D85-499A-A655-14D080AD9A88}.Release|Any CPU.ActiveCfg = Release|Any CPU
		{27BEEB80-5D85-499A-A655-14D080AD9A88}.Release|Any CPU.Build.0 = Release|Any CPU
	EndGlobalSection
	GlobalSection(SolutionProperties) = preSolution
		HideSolutionNode = FALSE
	EndGlobalSection
	GlobalSection(ExtensibilityGlobals) = postSolution
		SolutionGuid = {9A88AA64-F686-4BEE-87EB-3B3A5EE9FA20}
	EndGlobalSection
EndGlobal
